
Microsoft Visual Studio Solution File, Format Version 12.00
# Visual Studio Version 17
VisualStudioVersion = 17.11.35222.181
MinimumVisualStudioVersion = 10.0.40219.1
Project("{FAE04EC0-301F-11D3-BF4B-00C04F79EFBC}") = "OpenWeatherAPP", "OpenWeatherAPP\OpenWeatherAPP.csproj", "{DB217997-D417-4D4F-8DE8-A194696C17CF}"
EndProject
Global
	GlobalSection(SolutionConfigurationPlatforms) = preSolution
		Debug|Any CPU = Debug|Any CPU
		Release|Any CPU = Release|Any CPU
	EndGlobalSection
	GlobalSection(ProjectConfigurationPlatforms) = postSolution
		{DB217997-D417-4D4F-8DE8-A194696C17CF}.Debug|Any CPU.ActiveCfg = Debug|Any CPU
		{DB217997-D417-4D4F-8DE8-A194696C17CF}.Debug|Any CPU.Build.0 = Debug|Any CPU
		{DB217997-D417-4D4F-8DE8-A194696C17CF}.Debug|Any CPU.Deploy.0 = Debug|Any CPU
		{DB217997-D417-4D4F-8DE8-A194696C17CF}.Release|Any CPU.ActiveCfg = Release|Any CPU
		{DB217997-D417-4D4F-8DE8-A194696C17CF}.Release|Any CPU.Build.0 = Release|Any CPU
		{DB217997-D417-4D4F-8DE8-A194696C17CF}.Release|Any CPU.Deploy.0 = Release|Any CPU
	EndGlobalSection
	GlobalSection(SolutionProperties) = preSolution
		HideSolutionNode = FALSE
	EndGlobalSection
	GlobalSection(ExtensibilityGlobals) = postSolution
		SolutionGuid = {1F002574-183C-4B83-A905-FBFEC49F0B6E}
	EndGlobalSection
EndGlobal
